// !$*UTF8*$!
{
	archiveVersion = 1;
	classes = {
	};
	objectVersion = 46;
	objects = {
/* Begin PBXBuildFile section */
		0181A1F5D50B411984F1D723 /* UIImage+CropScaleOrientation.m in Sources */ = {isa = PBXBuildFile; fileRef = 3D264F7606A44AA6A5CC19A2 /* UIImage+CropScaleOrientation.m */; };
		0207DA581B56EA530066E2B4 /* Images.xcassets in Resources */ = {isa = PBXBuildFile; fileRef = 0207DA571B56EA530066E2B4 /* Images.xcassets */; };
		03B7FA4FC9F24613B3ACA2D1 /* CoreLocation.framework in Frameworks */ = {isa = PBXBuildFile; fileRef = CD348CA2399043E1B0FF82CA /* CoreLocation.framework */; };
		03CFE9420E0A4A3285D616D6 /* fileenc.c in Sources */ = {isa = PBXBuildFile; fileRef = E3B4D32666514EFB820EE4C5 /* fileenc.c */; };
		089F6AEF974945168BFFFED1 /* aestab.c in Sources */ = {isa = PBXBuildFile; fileRef = BE9F076087664F14B7B44D67 /* aestab.c */; };
		167321F4904C4EFE8A608BC4 /* CodePushPackageManager.m in Sources */ = {isa = PBXBuildFile; fileRef = ABA11523A750470F947C2B64 /* CodePushPackageManager.m */; };
		1734B6BE039A43B5A27BAE92 /* CDVLocation.m in Sources */ = {isa = PBXBuildFile; fileRef = 2E8C4208F4DF4434B438D0DC /* CDVLocation.m */; };
		1D3623260D0F684500981E51 /* AppDelegate.m in Sources */ = {isa = PBXBuildFile; fileRef = 1D3623250D0F684500981E51 /* AppDelegate.m */; };
		1D60589B0D05DD56006BFB54 /* main.m in Sources */ = {isa = PBXBuildFile; fileRef = 29B97316FDCFA39411CA2CEA /* main.m */; };
		21F57908D5AE46C78560A8FA /* SSZipArchive.m in Sources */ = {isa = PBXBuildFile; fileRef = 88ED4DE7D4164BF8BBC5CB79 /* SSZipArchive.m */; };
		24559EC307BE43FFBC8D37C4 /* CoreVideo.framework in Frameworks */ = {isa = PBXBuildFile; fileRef = 1A4E1D236B414A0A8EC0B1F1 /* CoreVideo.framework */; };
		25C9164BEEBE4720A1BE505A /* zip.c in Sources */ = {isa = PBXBuildFile; fileRef = 4F4EF1C7A4244E4F8B87A5EE /* zip.c */; };
		301BF552109A68D80062928A /* libCordova.a in Frameworks */ = {isa = PBXBuildFile; fileRef = 301BF535109A57CC0062928A /* libCordova.a */; };
		302D95F114D2391D003F00A1 /* MainViewController.m in Sources */ = {isa = PBXBuildFile; fileRef = 302D95EF14D2391D003F00A1 /* MainViewController.m */; };
		302D95F214D2391D003F00A1 /* MainViewController.xib in Resources */ = {isa = PBXBuildFile; fileRef = 302D95F014D2391D003F00A1 /* MainViewController.xib */; };
		33F1C074FDD346B3BDB97043 /* hmac.c in Sources */ = {isa = PBXBuildFile; fileRef = AB6AB0E4D6904E149E4C24C2 /* hmac.c */; };
		36B926FF2CA744D29D7F5D46 /* AudioToolbox.framework in Frameworks */ = {isa = PBXBuildFile; fileRef = 8E804FF7C59848BEB18C9639 /* AudioToolbox.framework */; settings = {ATTRIBUTES = (Weak, ); }; };
		58A840919D8F4CC9BD10664A /* aescrypt.c in Sources */ = {isa = PBXBuildFile; fileRef = 5AE8FEE6939C48829B0056A0 /* aescrypt.c */; };
		64232AF366F34C68A7F07C1E /* CodePushPackageMetadata.m in Sources */ = {isa = PBXBuildFile; fileRef = 591A42B0BFC34663A2D53BA7 /* CodePushPackageMetadata.m */; };
		693AC078B2C74DAAABCDF37B /* CDVFileTransfer.m in Sources */ = {isa = PBXBuildFile; fileRef = 6C0A0CFF727341BC948D7E2C /* CDVFileTransfer.m */; };
		6AFF5BF91D6E424B00AB3073 /* CDVLaunchScreen.storyboard in Resources */ = {isa = PBXBuildFile; fileRef = 6AFF5BF81D6E424B00AB3073 /* CDVLaunchScreen.storyboard */; };
		71EDAF8B7FCE4847B29B862D /* StatusReport.m in Sources */ = {isa = PBXBuildFile; fileRef = FEC083A5F3E0476C9321B62A /* StatusReport.m */; };
		7D092C09D9F8472EA373C28C /* CoreImage.framework in Frameworks */ = {isa = PBXBuildFile; fileRef = BEF7C875C8754847B69143EE /* CoreImage.framework */; };
		8390B5AC45434ABB9794B515 /* CDVNotification.m in Sources */ = {isa = PBXBuildFile; fileRef = 215DB3F4B1F74FF59436B6C0 /* CDVNotification.m */; };
		83F61599110248589879DB9C /* prng.c in Sources */ = {isa = PBXBuildFile; fileRef = B2878B8492BC49C78FAADD81 /* prng.c */; };
		84164EC065214D47A22056D3 /* CDVFile.m in Sources */ = {isa = PBXBuildFile; fileRef = CD6BABCB5FB142CAA594E714 /* CDVFile.m */; };
		8543A4686BEE4ED690400848 /* ImageIO.framework in Frameworks */ = {isa = PBXBuildFile; fileRef = D1123F1136D2493DA3AE8B1C /* ImageIO.framework */; settings = {ATTRIBUTES = (Weak, ); }; };
		8BC8C2ED70ED46838340289C /* CDVBarcodeScanner.bundle in Resources */ = {isa = PBXBuildFile; fileRef = 0DB468CB73D74724BCB5A500 /* CDVBarcodeScanner.bundle */; };
		99CA50FDF92E44EE9AFED04C /* Utilities.m in Sources */ = {isa = PBXBuildFile; fileRef = A87D5793B5A645D39FF8722C /* Utilities.m */; };
		9D4873A00B134DFE85809C0F /* CDVInAppBrowser.m in Sources */ = {isa = PBXBuildFile; fileRef = 03AE555D400646F8B2E40254 /* CDVInAppBrowser.m */; };
		A1A339A213E34A9D8E12FCB3 /* libz.tbd in Frameworks */ = {isa = PBXBuildFile; fileRef = 0EA8C94A86B04E81825ACF08 /* libz.tbd */; };
		A9B939EBAFD44D12A20ED2B7 /* ZipPlugin.m in Sources */ = {isa = PBXBuildFile; fileRef = 39CA5F1ED6D848A0BE28812B /* ZipPlugin.m */; };
		B0AD4532A86D41278D713DCD /* aeskey.c in Sources */ = {isa = PBXBuildFile; fileRef = 4F5E89524F324EC381ED97CE /* aeskey.c */; };
		B1774B72871D42C7BC7E290C /* UpdateHashUtils.m in Sources */ = {isa = PBXBuildFile; fileRef = 98F5D4FE38DF442E994409A8 /* UpdateHashUtils.m */; };
		B36841B9D42E4EF0A7C85CB1 /* CDVNotification.bundle in Resources */ = {isa = PBXBuildFile; fileRef = E6A1D165D5A44444B58EBDB8 /* CDVNotification.bundle */; };
		B56BC58E0128401B875CBB81 /* CDVLocalFilesystem.m in Sources */ = {isa = PBXBuildFile; fileRef = 6EE562078C5A4B58A22A9D73 /* CDVLocalFilesystem.m */; };
		BDAD4215BC27414EA6E809F0 /* scannerOverlay.xib in Resources */ = {isa = PBXBuildFile; fileRef = 94484F0A33F2460DAFD31355 /* scannerOverlay.xib */; };
		C1BD7ABBF0784163B9B25695 /* CDVDevice.m in Sources */ = {isa = PBXBuildFile; fileRef = BA7D2AC660624ED09A1460D0 /* CDVDevice.m */; };
		C6E16C5FC5AB4BD6B5AD1E8A /* libz.dylib in Frameworks */ = {isa = PBXBuildFile; fileRef = 147F1DE3CA3E436E8164ABEC /* libz.dylib */; };
		C824C94F97CB4C729888E33D /* pwd2key.c in Sources */ = {isa = PBXBuildFile; fileRef = 100B2B4C080243509B16E870 /* pwd2key.c */; };
		C9B9EB74771F448E919BBA0F /* unzip.c in Sources */ = {isa = PBXBuildFile; fileRef = 46113442535A4DC7A12F14C0 /* unzip.c */; };
		CB08740A807E4003BE5CD07E /* CodePushReportingManager.m in Sources */ = {isa = PBXBuildFile; fileRef = EA22386EEBA7454DA75B6F24 /* CodePushReportingManager.m */; };
		CBFADB06F16440B7B30BE19C /* ioapi.c in Sources */ = {isa = PBXBuildFile; fileRef = 05328BC2C7BD42E4BF33807D /* ioapi.c */; };
		CCB7537BA5ED4CD0BEAA4BEC /* CDVWKWebViewEngine+CodePush.m in Sources */ = {isa = PBXBuildFile; fileRef = EE2EEFEDF68A4C5A88FDA82F /* CDVWKWebViewEngine+CodePush.m */; };
		CDA7769671D64F4E91BA2321 /* CodePush.m in Sources */ = {isa = PBXBuildFile; fileRef = 27CB336CAFE048408EDC7EC7 /* CodePush.m */; };
		D1DE9722F5094C5787115B53 /* InstallOptions.m in Sources */ = {isa = PBXBuildFile; fileRef = 8E956F0DBC7B4B7DAE88C9EB /* InstallOptions.m */; };
		D473C600C1F94AC7B41E358D /* entropy.c in Sources */ = {isa = PBXBuildFile; fileRef = 6E82EFA7D3924A70A2FEAA9F /* entropy.c */; };
		D8BE8245B50D43BFB4640AEB /* CDVAssetLibraryFilesystem.m in Sources */ = {isa = PBXBuildFile; fileRef = EFCC4A56DC6B43F4B213B8A0 /* CDVAssetLibraryFilesystem.m */; };
		D9F275DE212742D69B83043D /* AVFoundation.framework in Frameworks */ = {isa = PBXBuildFile; fileRef = 9E9723F61E654808B474D5AB /* AVFoundation.framework */; };
		DB7CF124E744440BA25A0573 /* sha1.c in Sources */ = {isa = PBXBuildFile; fileRef = 216B2069F14A4250B4961595 /* sha1.c */; };
		DD5283F762074C4B902365C0 /* CDVCamera.m in Sources */ = {isa = PBXBuildFile; fileRef = 2E347B421CE4444DB5992C44 /* CDVCamera.m */; };
		E8C1DB985CA9474098826384 /* zxing-all-in-one.cpp in Sources */ = {isa = PBXBuildFile; fileRef = 6976C93F76104A449E9E8ECD /* zxing-all-in-one.cpp */; };
		EC47BC7E29AD4428BAB3F012 /* CDVJpegHeaderWriter.m in Sources */ = {isa = PBXBuildFile; fileRef = 9A5C74665C9E475F8BB87543 /* CDVJpegHeaderWriter.m */; };
		F9939F19470C453C9CBF3DF1 /* CDVBarcodeScanner.mm in Sources */ = {isa = PBXBuildFile; fileRef = 362EF772155E4CDB8BD092F1 /* CDVBarcodeScanner.mm */; settings = {COMPILER_FLAGS = "-fno-objc-arc"; }; };
		FB08C1D9A81442E2BCBF8A45 /* QuartzCore.framework in Frameworks */ = {isa = PBXBuildFile; fileRef = A9149513249E4F93B4F9026C /* QuartzCore.framework */; };
		FC1CE3054BB7478EA5A00F7B /* mztools.c in Sources */ = {isa = PBXBuildFile; fileRef = A79F1B25604C4C5C8ADD6E5B /* mztools.c */; };
		FEFD787307B343C789CB27F5 /* libiconv.dylib in Frameworks */ = {isa = PBXBuildFile; fileRef = A70B55E4CFF149E5904AA624 /* libiconv.dylib */; };
/* End PBXBuildFile section */

/* Begin PBXContainerItemProxy section */
		301BF534109A57CC0062928A /* PBXContainerItemProxy */ = {
			isa = PBXContainerItemProxy;
			containerPortal = 301BF52D109A57CC0062928A /* CordovaLib/CordovaLib.xcodeproj */;
			proxyType = 2;
			remoteGlobalIDString = D2AAC07E0554694100DB518D;
			remoteInfo = CordovaLib;
		};
		301BF550109A68C00062928A /* PBXContainerItemProxy */ = {
			isa = PBXContainerItemProxy;
			containerPortal = 301BF52D109A57CC0062928A /* CordovaLib/CordovaLib.xcodeproj */;
			proxyType = 1;
			remoteGlobalIDString = D2AAC07D0554694100DB518D;
			remoteInfo = CordovaLib;
		};
		3DF7C9BE1FA721DD00B20348 /* PBXContainerItemProxy */ = {
			isa = PBXContainerItemProxy;
			containerPortal = 301BF52D109A57CC0062928A /* CordovaLib/CordovaLib.xcodeproj */;
			proxyType = 2;
			remoteGlobalIDString = C0C01EB21E3911D50056E6CB;
			remoteInfo = Cordova;
		};
/* End PBXContainerItemProxy section */

/* Begin PBXFileReference section */
		0207DA571B56EA530066E2B4 /* Images.xcassets */ = {isa = PBXFileReference; lastKnownFileType = folder.assetcatalog; name = Images.xcassets; path = stampRally/Images.xcassets; sourceTree = SOURCE_ROOT; };
		03AE555D400646F8B2E40254 /* CDVInAppBrowser.m */ = {isa = PBXFileReference; explicitFileType = undefined; fileEncoding = 4; includeInIndex = 0; lastKnownFileType = sourcecode.c.objc; name = CDVInAppBrowser.m; path = "cordova-plugin-inappbrowser/CDVInAppBrowser.m"; sourceTree = "<group>"; };
		05328BC2C7BD42E4BF33807D /* ioapi.c */ = {isa = PBXFileReference; explicitFileType = undefined; fileEncoding = 9; includeInIndex = 0; lastKnownFileType = unknown; name = ioapi.c; path = "cordova-plugin-zip/Plugins/minizip/ioapi.c"; sourceTree = "<group>"; };
		059721E643854AB294AA5EBC /* CodePushPackageMetadata.h */ = {isa = PBXFileReference; explicitFileType = undefined; fileEncoding = 4; includeInIndex = 0; lastKnownFileType = sourcecode.c.h; name = CodePushPackageMetadata.h; path = "cordova-plugin-code-push/CodePushPackageMetadata.h"; sourceTree = "<group>"; };
		0DB468CB73D74724BCB5A500 /* CDVBarcodeScanner.bundle */ = {isa = PBXFileReference; explicitFileType = undefined; fileEncoding = 9; includeInIndex = 0; lastKnownFileType = "wrapper.plug-in"; path = CDVBarcodeScanner.bundle; sourceTree = "<group>"; };
		0E759C2B9C524F12AC26CE6F /* pwd2key.h */ = {isa = PBXFileReference; explicitFileType = undefined; fileEncoding = 4; includeInIndex = 0; lastKnownFileType = sourcecode.c.h; name = pwd2key.h; path = "cordova-plugin-zip/Plugins/aes/pwd2key.h"; sourceTree = "<group>"; };
		0EA8C94A86B04E81825ACF08 /* libz.tbd */ = {isa = PBXFileReference; explicitFileType = undefined; fileEncoding = 9; includeInIndex = 0; lastKnownFileType = "sourcecode.text-based-dylib-definition"; name = libz.tbd; path = usr/lib/libz.tbd; sourceTree = SDKROOT; };
		100B2B4C080243509B16E870 /* pwd2key.c */ = {isa = PBXFileReference; explicitFileType = undefined; fileEncoding = 9; includeInIndex = 0; lastKnownFileType = unknown; name = pwd2key.c; path = "cordova-plugin-zip/Plugins/aes/pwd2key.c"; sourceTree = "<group>"; };
		147F1DE3CA3E436E8164ABEC /* libz.dylib */ = {isa = PBXFileReference; explicitFileType = undefined; fileEncoding = 9; includeInIndex = 0; lastKnownFileType = "compiled.mach-o.dylib"; name = libz.dylib; path = usr/lib/libz.dylib; sourceTree = SDKROOT; };
		14A56053FFF249F7B1242876 /* CDVLocalFilesystem.h */ = {isa = PBXFileReference; explicitFileType = undefined; fileEncoding = 4; includeInIndex = 0; lastKnownFileType = sourcecode.c.h; name = CDVLocalFilesystem.h; path = "cordova-plugin-file/CDVLocalFilesystem.h"; sourceTree = "<group>"; };
		17509A9BB0B642CBBE2C308E /* CDVLocation.h */ = {isa = PBXFileReference; explicitFileType = undefined; fileEncoding = 4; includeInIndex = 0; lastKnownFileType = sourcecode.c.h; name = CDVLocation.h; path = "cordova-plugin-geolocation/CDVLocation.h"; sourceTree = "<group>"; };
		1A4E1D236B414A0A8EC0B1F1 /* CoreVideo.framework */ = {isa = PBXFileReference; explicitFileType = undefined; fileEncoding = 9; includeInIndex = 0; lastKnownFileType = wrapper.framework; name = CoreVideo.framework; path = System/Library/Frameworks/CoreVideo.framework; sourceTree = SDKROOT; };
		1B598EA5F5024266AE30DDD7 /* CDVInAppBrowser.h */ = {isa = PBXFileReference; explicitFileType = undefined; fileEncoding = 4; includeInIndex = 0; lastKnownFileType = sourcecode.c.h; name = CDVInAppBrowser.h; path = "cordova-plugin-inappbrowser/CDVInAppBrowser.h"; sourceTree = "<group>"; };
		1D3623240D0F684500981E51 /* AppDelegate.h */ = {isa = PBXFileReference; fileEncoding = 4; lastKnownFileType = sourcecode.c.h; path = AppDelegate.h; sourceTree = "<group>"; };
		1D3623250D0F684500981E51 /* AppDelegate.m */ = {isa = PBXFileReference; fileEncoding = 4; lastKnownFileType = sourcecode.c.objc; path = AppDelegate.m; sourceTree = "<group>"; };
		1D6058910D05DD3D006BFB54 /* stampRally.app */ = {isa = PBXFileReference; explicitFileType = wrapper.application; includeInIndex = 0; path = stampRally.app; sourceTree = BUILT_PRODUCTS_DIR; };
		1E5C3BE9068741FB84677D10 /* aestab.h */ = {isa = PBXFileReference; explicitFileType = undefined; fileEncoding = 4; includeInIndex = 0; lastKnownFileType = sourcecode.c.h; name = aestab.h; path = "cordova-plugin-zip/Plugins/aes/aestab.h"; sourceTree = "<group>"; };
		215DB3F4B1F74FF59436B6C0 /* CDVNotification.m */ = {isa = PBXFileReference; explicitFileType = undefined; fileEncoding = 4; includeInIndex = 0; lastKnownFileType = sourcecode.c.objc; name = CDVNotification.m; path = "cordova-plugin-dialogs/CDVNotification.m"; sourceTree = "<group>"; };
		216B2069F14A4250B4961595 /* sha1.c */ = {isa = PBXFileReference; explicitFileType = undefined; fileEncoding = 9; includeInIndex = 0; lastKnownFileType = unknown; name = sha1.c; path = "cordova-plugin-zip/Plugins/aes/sha1.c"; sourceTree = "<group>"; };
		22B1D8598D8649C7B0BB9D8D /* brg_types.h */ = {isa = PBXFileReference; explicitFileType = undefined; fileEncoding = 4; includeInIndex = 0; lastKnownFileType = sourcecode.c.h; name = brg_types.h; path = "cordova-plugin-zip/Plugins/aes/brg_types.h"; sourceTree = "<group>"; };
		27CB336CAFE048408EDC7EC7 /* CodePush.m */ = {isa = PBXFileReference; explicitFileType = undefined; fileEncoding = 4; includeInIndex = 0; lastKnownFileType = sourcecode.c.objc; name = CodePush.m; path = "cordova-plugin-code-push/CodePush.m"; sourceTree = "<group>"; };
		29B97316FDCFA39411CA2CEA /* main.m */ = {isa = PBXFileReference; fileEncoding = 4; lastKnownFileType = sourcecode.c.objc; path = main.m; sourceTree = "<group>"; };
		2E347B421CE4444DB5992C44 /* CDVCamera.m */ = {isa = PBXFileReference; explicitFileType = undefined; fileEncoding = 4; includeInIndex = 0; lastKnownFileType = sourcecode.c.objc; name = CDVCamera.m; path = "cordova-plugin-camera/CDVCamera.m"; sourceTree = "<group>"; };
		2E8C4208F4DF4434B438D0DC /* CDVLocation.m */ = {isa = PBXFileReference; explicitFileType = undefined; fileEncoding = 4; includeInIndex = 0; lastKnownFileType = sourcecode.c.objc; name = CDVLocation.m; path = "cordova-plugin-geolocation/CDVLocation.m"; sourceTree = "<group>"; };
		301BF52D109A57CC0062928A /* CordovaLib/CordovaLib.xcodeproj */ = {isa = PBXFileReference; lastKnownFileType = "wrapper.pb-project"; path = CordovaLib/CordovaLib.xcodeproj; sourceTree = "<group>"; };
		301BF56E109A69640062928A /* www */ = {isa = PBXFileReference; lastKnownFileType = folder; path = www; sourceTree = SOURCE_ROOT; };
		302D95EE14D2391D003F00A1 /* MainViewController.h */ = {isa = PBXFileReference; fileEncoding = 4; lastKnownFileType = sourcecode.c.h; path = MainViewController.h; sourceTree = "<group>"; };
		302D95EF14D2391D003F00A1 /* MainViewController.m */ = {isa = PBXFileReference; fileEncoding = 4; lastKnownFileType = sourcecode.c.objc; path = MainViewController.m; sourceTree = "<group>"; };
		302D95F014D2391D003F00A1 /* MainViewController.xib */ = {isa = PBXFileReference; fileEncoding = 4; lastKnownFileType = file.xib; path = MainViewController.xib; sourceTree = "<group>"; };
		3047A50F1AB8059700498E2A /* build-debug.xcconfig */ = {isa = PBXFileReference; fileEncoding = 4; lastKnownFileType = text.xcconfig; name = "build-debug.xcconfig"; path = "cordova/build-debug.xcconfig"; sourceTree = SOURCE_ROOT; };
		3047A5101AB8059700498E2A /* build-release.xcconfig */ = {isa = PBXFileReference; fileEncoding = 4; lastKnownFileType = text.xcconfig; name = "build-release.xcconfig"; path = "cordova/build-release.xcconfig"; sourceTree = SOURCE_ROOT; };
		3047A5111AB8059700498E2A /* build.xcconfig */ = {isa = PBXFileReference; fileEncoding = 4; lastKnownFileType = text.xcconfig; name = build.xcconfig; path = cordova/build.xcconfig; sourceTree = SOURCE_ROOT; };
		32CA4F630368D1EE00C91783 /* stampRally-Prefix.pch */ = {isa = PBXFileReference; fileEncoding = 4; lastKnownFileType = sourcecode.c.h; path = "stampRally-Prefix.pch"; sourceTree = "<group>"; };
		3377A6DEC3FB47469A0350D1 /* InstallMode.h */ = {isa = PBXFileReference; explicitFileType = undefined; fileEncoding = 4; includeInIndex = 0; lastKnownFileType = sourcecode.c.h; name = InstallMode.h; path = "cordova-plugin-code-push/InstallMode.h"; sourceTree = "<group>"; };
		362EF772155E4CDB8BD092F1 /* CDVBarcodeScanner.mm */ = {isa = PBXFileReference; explicitFileType = undefined; fileEncoding = 9; includeInIndex = 0; lastKnownFileType = unknown; name = CDVBarcodeScanner.mm; path = "phonegap-plugin-barcodescanner/CDVBarcodeScanner.mm"; sourceTree = "<group>"; };
		367E43E65244495A927EA280 /* aesopt.h */ = {isa = PBXFileReference; explicitFileType = undefined; fileEncoding = 4; includeInIndex = 0; lastKnownFileType = sourcecode.c.h; name = aesopt.h; path = "cordova-plugin-zip/Plugins/aes/aesopt.h"; sourceTree = "<group>"; };
		39CA5F1ED6D848A0BE28812B /* ZipPlugin.m */ = {isa = PBXFileReference; explicitFileType = undefined; fileEncoding = 4; includeInIndex = 0; lastKnownFileType = sourcecode.c.objc; name = ZipPlugin.m; path = "cordova-plugin-zip/ZipPlugin.m"; sourceTree = "<group>"; };
		3A1A722A23ED4D60B68CE1E4 /* Common.h */ = {isa = PBXFileReference; explicitFileType = undefined; fileEncoding = 4; includeInIndex = 0; lastKnownFileType = sourcecode.c.h; name = Common.h; path = "cordova-plugin-zip/Common.h"; sourceTree = "<group>"; };
		3AEEF76E46BC45078863DA11 /* fileenc.h */ = {isa = PBXFileReference; explicitFileType = undefined; fileEncoding = 4; includeInIndex = 0; lastKnownFileType = sourcecode.c.h; name = fileenc.h; path = "cordova-plugin-zip/Plugins/aes/fileenc.h"; sourceTree = "<group>"; };
		3D264F7606A44AA6A5CC19A2 /* UIImage+CropScaleOrientation.m */ = {isa = PBXFileReference; explicitFileType = undefined; fileEncoding = 4; includeInIndex = 0; lastKnownFileType = sourcecode.c.objc; name = "UIImage+CropScaleOrientation.m"; path = "cordova-plugin-camera/UIImage+CropScaleOrientation.m"; sourceTree = "<group>"; };
		3EE2485AE22F44C9A333F0C0 /* UIImage+CropScaleOrientation.h */ = {isa = PBXFileReference; explicitFileType = undefined; fileEncoding = 4; includeInIndex = 0; lastKnownFileType = sourcecode.c.h; name = "UIImage+CropScaleOrientation.h"; path = "cordova-plugin-camera/UIImage+CropScaleOrientation.h"; sourceTree = "<group>"; };
		46113442535A4DC7A12F14C0 /* unzip.c */ = {isa = PBXFileReference; explicitFileType = undefined; fileEncoding = 9; includeInIndex = 0; lastKnownFileType = unknown; name = unzip.c; path = "cordova-plugin-zip/Plugins/minizip/unzip.c"; sourceTree = "<group>"; };
		4F4EF1C7A4244E4F8B87A5EE /* zip.c */ = {isa = PBXFileReference; explicitFileType = undefined; fileEncoding = 9; includeInIndex = 0; lastKnownFileType = unknown; name = zip.c; path = "cordova-plugin-zip/Plugins/minizip/zip.c"; sourceTree = "<group>"; };
		4F5E89524F324EC381ED97CE /* aeskey.c */ = {isa = PBXFileReference; explicitFileType = undefined; fileEncoding = 9; includeInIndex = 0; lastKnownFileType = unknown; name = aeskey.c; path = "cordova-plugin-zip/Plugins/aes/aeskey.c"; sourceTree = "<group>"; };
		53F7A313D4DC460BAB9048FD /* InstallOptions.h */ = {isa = PBXFileReference; explicitFileType = undefined; fileEncoding = 4; includeInIndex = 0; lastKnownFileType = sourcecode.c.h; name = InstallOptions.h; path = "cordova-plugin-code-push/InstallOptions.h"; sourceTree = "<group>"; };
		591A42B0BFC34663A2D53BA7 /* CodePushPackageMetadata.m */ = {isa = PBXFileReference; explicitFileType = undefined; fileEncoding = 4; includeInIndex = 0; lastKnownFileType = sourcecode.c.objc; name = CodePushPackageMetadata.m; path = "cordova-plugin-code-push/CodePushPackageMetadata.m"; sourceTree = "<group>"; };
		595C16F01C50456089310F3C /* CDVFileTransfer.h */ = {isa = PBXFileReference; explicitFileType = undefined; fileEncoding = 4; includeInIndex = 0; lastKnownFileType = sourcecode.c.h; name = CDVFileTransfer.h; path = "cordova-plugin-file-transfer/CDVFileTransfer.h"; sourceTree = "<group>"; };
		5AE8FEE6939C48829B0056A0 /* aescrypt.c */ = {isa = PBXFileReference; explicitFileType = undefined; fileEncoding = 9; includeInIndex = 0; lastKnownFileType = unknown; name = aescrypt.c; path = "cordova-plugin-zip/Plugins/aes/aescrypt.c"; sourceTree = "<group>"; };
		6976C93F76104A449E9E8ECD /* zxing-all-in-one.cpp */ = {isa = PBXFileReference; explicitFileType = undefined; fileEncoding = 9; includeInIndex = 0; lastKnownFileType = unknown; name = "zxing-all-in-one.cpp"; path = "phonegap-plugin-barcodescanner/zxing-all-in-one.cpp"; sourceTree = "<group>"; };
		6AFF5BF81D6E424B00AB3073 /* CDVLaunchScreen.storyboard */ = {isa = PBXFileReference; fileEncoding = 4; lastKnownFileType = file.storyboard; name = CDVLaunchScreen.storyboard; path = stampRally/CDVLaunchScreen.storyboard; sourceTree = SOURCE_ROOT; };
		6C0A0CFF727341BC948D7E2C /* CDVFileTransfer.m */ = {isa = PBXFileReference; explicitFileType = undefined; fileEncoding = 4; includeInIndex = 0; lastKnownFileType = sourcecode.c.objc; name = CDVFileTransfer.m; path = "cordova-plugin-file-transfer/CDVFileTransfer.m"; sourceTree = "<group>"; };
		6C6465B9466C4097917E46AE /* ZipPlugin.h */ = {isa = PBXFileReference; explicitFileType = undefined; fileEncoding = 4; includeInIndex = 0; lastKnownFileType = sourcecode.c.h; name = ZipPlugin.h; path = "cordova-plugin-zip/ZipPlugin.h"; sourceTree = "<group>"; };
		6E82EFA7D3924A70A2FEAA9F /* entropy.c */ = {isa = PBXFileReference; explicitFileType = undefined; fileEncoding = 9; includeInIndex = 0; lastKnownFileType = unknown; name = entropy.c; path = "cordova-plugin-zip/Plugins/aes/entropy.c"; sourceTree = "<group>"; };
		6EE562078C5A4B58A22A9D73 /* CDVLocalFilesystem.m */ = {isa = PBXFileReference; explicitFileType = undefined; fileEncoding = 4; includeInIndex = 0; lastKnownFileType = sourcecode.c.objc; name = CDVLocalFilesystem.m; path = "cordova-plugin-file/CDVLocalFilesystem.m"; sourceTree = "<group>"; };
		77C82CB7009D4AB4AB0739F6 /* hmac.h */ = {isa = PBXFileReference; explicitFileType = undefined; fileEncoding = 4; includeInIndex = 0; lastKnownFileType = sourcecode.c.h; name = hmac.h; path = "cordova-plugin-zip/Plugins/aes/hmac.h"; sourceTree = "<group>"; };
		7EBECD450DA44D84AA2775E0 /* aes.h */ = {isa = PBXFileReference; explicitFileType = undefined; fileEncoding = 4; includeInIndex = 0; lastKnownFileType = sourcecode.c.h; name = aes.h; path = "cordova-plugin-zip/Plugins/aes/aes.h"; sourceTree = "<group>"; };
		832B8E01106B4DD885E0B41D /* CodePushReportingManager.h */ = {isa = PBXFileReference; explicitFileType = undefined; fileEncoding = 4; includeInIndex = 0; lastKnownFileType = sourcecode.c.h; name = CodePushReportingManager.h; path = "cordova-plugin-code-push/CodePushReportingManager.h"; sourceTree = "<group>"; };
		845B92CDFA554A3597CCC728 /* CDVAssetLibraryFilesystem.h */ = {isa = PBXFileReference; explicitFileType = undefined; fileEncoding = 4; includeInIndex = 0; lastKnownFileType = sourcecode.c.h; name = CDVAssetLibraryFilesystem.h; path = "cordova-plugin-file/CDVAssetLibraryFilesystem.h"; sourceTree = "<group>"; };
		8732314840F745C9ACCD4694 /* Utilities.h */ = {isa = PBXFileReference; explicitFileType = undefined; fileEncoding = 4; includeInIndex = 0; lastKnownFileType = sourcecode.c.h; name = Utilities.h; path = "cordova-plugin-code-push/Utilities.h"; sourceTree = "<group>"; };
		88ED4DE7D4164BF8BBC5CB79 /* SSZipArchive.m */ = {isa = PBXFileReference; explicitFileType = undefined; fileEncoding = 4; includeInIndex = 0; lastKnownFileType = sourcecode.c.objc; name = SSZipArchive.m; path = "cordova-plugin-zip/Plugins/minizip/SSZipArchive.m"; sourceTree = "<group>"; };
		8D05B35E93F74CB5A6B0B543 /* UpdateHashUtils.h */ = {isa = PBXFileReference; explicitFileType = undefined; fileEncoding = 4; includeInIndex = 0; lastKnownFileType = sourcecode.c.h; name = UpdateHashUtils.h; path = "cordova-plugin-code-push/UpdateHashUtils.h"; sourceTree = "<group>"; };
		8D1107310486CEB800E47090 /* stampRally-Info.plist */ = {isa = PBXFileReference; fileEncoding = 4; lastKnownFileType = text.plist.xml; name = "stampRally-Info.plist"; path = "stampRally/stampRally-Info.plist"; plistStructureDefinitionIdentifier = "com.apple.xcode.plist.structure-definition.iphone.info-plist"; sourceTree = SOURCE_ROOT; };
		8E804FF7C59848BEB18C9639 /* AudioToolbox.framework */ = {isa = PBXFileReference; explicitFileType = undefined; fileEncoding = 9; includeInIndex = 0; lastKnownFileType = wrapper.framework; name = AudioToolbox.framework; path = System/Library/Frameworks/AudioToolbox.framework; sourceTree = SDKROOT; };
		8E956F0DBC7B4B7DAE88C9EB /* InstallOptions.m */ = {isa = PBXFileReference; explicitFileType = undefined; fileEncoding = 4; includeInIndex = 0; lastKnownFileType = sourcecode.c.objc; name = InstallOptions.m; path = "cordova-plugin-code-push/InstallOptions.m"; sourceTree = "<group>"; };
		93450249631648E5BC56E621 /* SSZipArchive.h */ = {isa = PBXFileReference; explicitFileType = undefined; fileEncoding = 4; includeInIndex = 0; lastKnownFileType = sourcecode.c.h; name = SSZipArchive.h; path = "cordova-plugin-zip/Plugins/minizip/SSZipArchive.h"; sourceTree = "<group>"; };
		94484F0A33F2460DAFD31355 /* scannerOverlay.xib */ = {isa = PBXFileReference; explicitFileType = undefined; fileEncoding = 9; includeInIndex = 0; lastKnownFileType = file.xib; path = scannerOverlay.xib; sourceTree = "<group>"; };
		9710048008B04B589290015E /* CDVCamera.h */ = {isa = PBXFileReference; explicitFileType = undefined; fileEncoding = 4; includeInIndex = 0; lastKnownFileType = sourcecode.c.h; name = CDVCamera.h; path = "cordova-plugin-camera/CDVCamera.h"; sourceTree = "<group>"; };
		98616BD610524B4AA4DD75F4 /* StatusReport.h */ = {isa = PBXFileReference; explicitFileType = undefined; fileEncoding = 4; includeInIndex = 0; lastKnownFileType = sourcecode.c.h; name = StatusReport.h; path = "cordova-plugin-code-push/StatusReport.h"; sourceTree = "<group>"; };
		98F5D4FE38DF442E994409A8 /* UpdateHashUtils.m */ = {isa = PBXFileReference; explicitFileType = undefined; fileEncoding = 4; includeInIndex = 0; lastKnownFileType = sourcecode.c.objc; name = UpdateHashUtils.m; path = "cordova-plugin-code-push/UpdateHashUtils.m"; sourceTree = "<group>"; };
		9A5C74665C9E475F8BB87543 /* CDVJpegHeaderWriter.m */ = {isa = PBXFileReference; explicitFileType = undefined; fileEncoding = 4; includeInIndex = 0; lastKnownFileType = sourcecode.c.objc; name = CDVJpegHeaderWriter.m; path = "cordova-plugin-camera/CDVJpegHeaderWriter.m"; sourceTree = "<group>"; };
		9A615CD8D8B346EC9E2A5051 /* sha1.h */ = {isa = PBXFileReference; explicitFileType = undefined; fileEncoding = 4; includeInIndex = 0; lastKnownFileType = sourcecode.c.h; name = sha1.h; path = "cordova-plugin-zip/Plugins/aes/sha1.h"; sourceTree = "<group>"; };
		9E9723F61E654808B474D5AB /* AVFoundation.framework */ = {isa = PBXFileReference; explicitFileType = undefined; fileEncoding = 9; includeInIndex = 0; lastKnownFileType = wrapper.framework; name = AVFoundation.framework; path = System/Library/Frameworks/AVFoundation.framework; sourceTree = SDKROOT; };
		9F1823D7AAB44B1DA2E36C4E /* CDVExif.h */ = {isa = PBXFileReference; explicitFileType = undefined; fileEncoding = 4; includeInIndex = 0; lastKnownFileType = sourcecode.c.h; name = CDVExif.h; path = "cordova-plugin-camera/CDVExif.h"; sourceTree = "<group>"; };
		9F29E405439640438EB331A0 /* crypt.h */ = {isa = PBXFileReference; explicitFileType = undefined; fileEncoding = 4; includeInIndex = 0; lastKnownFileType = sourcecode.c.h; name = crypt.h; path = "cordova-plugin-zip/Plugins/minizip/crypt.h"; sourceTree = "<group>"; };
		A285B47EFB1047B9A6EA597B /* zip.h */ = {isa = PBXFileReference; explicitFileType = undefined; fileEncoding = 4; includeInIndex = 0; lastKnownFileType = sourcecode.c.h; name = zip.h; path = "cordova-plugin-zip/Plugins/minizip/zip.h"; sourceTree = "<group>"; };
		A4A352F5F07F49C2AF8A1A10 /* CDVJpegHeaderWriter.h */ = {isa = PBXFileReference; explicitFileType = undefined; fileEncoding = 4; includeInIndex = 0; lastKnownFileType = sourcecode.c.h; name = CDVJpegHeaderWriter.h; path = "cordova-plugin-camera/CDVJpegHeaderWriter.h"; sourceTree = "<group>"; };
		A70B55E4CFF149E5904AA624 /* libiconv.dylib */ = {isa = PBXFileReference; explicitFileType = undefined; fileEncoding = 9; includeInIndex = 0; lastKnownFileType = "compiled.mach-o.dylib"; name = libiconv.dylib; path = usr/lib/libiconv.dylib; sourceTree = SDKROOT; };
		A79F1B25604C4C5C8ADD6E5B /* mztools.c */ = {isa = PBXFileReference; explicitFileType = undefined; fileEncoding = 9; includeInIndex = 0; lastKnownFileType = unknown; name = mztools.c; path = "cordova-plugin-zip/Plugins/minizip/mztools.c"; sourceTree = "<group>"; };
		A87D5793B5A645D39FF8722C /* Utilities.m */ = {isa = PBXFileReference; explicitFileType = undefined; fileEncoding = 4; includeInIndex = 0; lastKnownFileType = sourcecode.c.objc; name = Utilities.m; path = "cordova-plugin-code-push/Utilities.m"; sourceTree = "<group>"; };
		A9149513249E4F93B4F9026C /* QuartzCore.framework */ = {isa = PBXFileReference; explicitFileType = undefined; fileEncoding = 9; includeInIndex = 0; lastKnownFileType = wrapper.framework; name = QuartzCore.framework; path = System/Library/Frameworks/QuartzCore.framework; sourceTree = SDKROOT; };
		AB6AB0E4D6904E149E4C24C2 /* hmac.c */ = {isa = PBXFileReference; explicitFileType = undefined; fileEncoding = 9; includeInIndex = 0; lastKnownFileType = unknown; name = hmac.c; path = "cordova-plugin-zip/Plugins/aes/hmac.c"; sourceTree = "<group>"; };
		ABA11523A750470F947C2B64 /* CodePushPackageManager.m */ = {isa = PBXFileReference; explicitFileType = undefined; fileEncoding = 4; includeInIndex = 0; lastKnownFileType = sourcecode.c.objc; name = CodePushPackageManager.m; path = "cordova-plugin-code-push/CodePushPackageManager.m"; sourceTree = "<group>"; };
		B2878B8492BC49C78FAADD81 /* prng.c */ = {isa = PBXFileReference; explicitFileType = undefined; fileEncoding = 9; includeInIndex = 0; lastKnownFileType = unknown; name = prng.c; path = "cordova-plugin-zip/Plugins/aes/prng.c"; sourceTree = "<group>"; };
		BA7D2AC660624ED09A1460D0 /* CDVDevice.m */ = {isa = PBXFileReference; explicitFileType = undefined; fileEncoding = 4; includeInIndex = 0; lastKnownFileType = sourcecode.c.objc; name = CDVDevice.m; path = "cordova-plugin-device/CDVDevice.m"; sourceTree = "<group>"; };
		BB965611DEF04EBAAF663690 /* zxing-all-in-one.h */ = {isa = PBXFileReference; explicitFileType = undefined; fileEncoding = 4; includeInIndex = 0; lastKnownFileType = sourcecode.c.h; name = "zxing-all-in-one.h"; path = "phonegap-plugin-barcodescanner/zxing-all-in-one.h"; sourceTree = "<group>"; };
		BE9F076087664F14B7B44D67 /* aestab.c */ = {isa = PBXFileReference; explicitFileType = undefined; fileEncoding = 9; includeInIndex = 0; lastKnownFileType = unknown; name = aestab.c; path = "cordova-plugin-zip/Plugins/aes/aestab.c"; sourceTree = "<group>"; };
		BEF7C875C8754847B69143EE /* CoreImage.framework */ = {isa = PBXFileReference; explicitFileType = undefined; fileEncoding = 9; includeInIndex = 0; lastKnownFileType = wrapper.framework; name = CoreImage.framework; path = System/Library/Frameworks/CoreImage.framework; sourceTree = SDKROOT; };
		BF13963B262A42F88E205695 /* aes_via_ace.h */ = {isa = PBXFileReference; explicitFileType = undefined; fileEncoding = 4; includeInIndex = 0; lastKnownFileType = sourcecode.c.h; name = aes_via_ace.h; path = "cordova-plugin-zip/Plugins/aes/aes_via_ace.h"; sourceTree = "<group>"; };
		C14BFAA0224648279E0E0E4D /* ioapi.h */ = {isa = PBXFileReference; explicitFileType = undefined; fileEncoding = 4; includeInIndex = 0; lastKnownFileType = sourcecode.c.h; name = ioapi.h; path = "cordova-plugin-zip/Plugins/minizip/ioapi.h"; sourceTree = "<group>"; };
		C1BD54DDD23D4874B7DD286B /* CodePushPackageManager.h */ = {isa = PBXFileReference; explicitFileType = undefined; fileEncoding = 4; includeInIndex = 0; lastKnownFileType = sourcecode.c.h; name = CodePushPackageManager.h; path = "cordova-plugin-code-push/CodePushPackageManager.h"; sourceTree = "<group>"; };
		C504C7D2348F4CF39C81A7FB /* prng.h */ = {isa = PBXFileReference; explicitFileType = undefined; fileEncoding = 4; includeInIndex = 0; lastKnownFileType = sourcecode.c.h; name = prng.h; path = "cordova-plugin-zip/Plugins/aes/prng.h"; sourceTree = "<group>"; };
		C5A374B73A754FB8B56AA0D3 /* CDVDevice.h */ = {isa = PBXFileReference; explicitFileType = undefined; fileEncoding = 4; includeInIndex = 0; lastKnownFileType = sourcecode.c.h; name = CDVDevice.h; path = "cordova-plugin-device/CDVDevice.h"; sourceTree = "<group>"; };
		CCBE24CC0FA249428FA0CD65 /* brg_endian.h */ = {isa = PBXFileReference; explicitFileType = undefined; fileEncoding = 4; includeInIndex = 0; lastKnownFileType = sourcecode.c.h; name = brg_endian.h; path = "cordova-plugin-zip/Plugins/aes/brg_endian.h"; sourceTree = "<group>"; };
		CD348CA2399043E1B0FF82CA /* CoreLocation.framework */ = {isa = PBXFileReference; explicitFileType = undefined; fileEncoding = 9; includeInIndex = 0; lastKnownFileType = wrapper.framework; name = CoreLocation.framework; path = System/Library/Frameworks/CoreLocation.framework; sourceTree = SDKROOT; };
		CD6BABCB5FB142CAA594E714 /* CDVFile.m */ = {isa = PBXFileReference; explicitFileType = undefined; fileEncoding = 4; includeInIndex = 0; lastKnownFileType = sourcecode.c.objc; name = CDVFile.m; path = "cordova-plugin-file/CDVFile.m"; sourceTree = "<group>"; };
		D1123F1136D2493DA3AE8B1C /* ImageIO.framework */ = {isa = PBXFileReference; explicitFileType = undefined; fileEncoding = 9; includeInIndex = 0; lastKnownFileType = wrapper.framework; name = ImageIO.framework; path = System/Library/Frameworks/ImageIO.framework; sourceTree = SDKROOT; };
		E2820FBE18074BC994E73350 /* CDVFile.h */ = {isa = PBXFileReference; explicitFileType = undefined; fileEncoding = 4; includeInIndex = 0; lastKnownFileType = sourcecode.c.h; name = CDVFile.h; path = "cordova-plugin-file/CDVFile.h"; sourceTree = "<group>"; };
		E2E2A28EE9A444B7AECF6A5D /* entropy.h */ = {isa = PBXFileReference; explicitFileType = undefined; fileEncoding = 4; includeInIndex = 0; lastKnownFileType = sourcecode.c.h; name = entropy.h; path = "cordova-plugin-zip/Plugins/aes/entropy.h"; sourceTree = "<group>"; };
		E3B4D32666514EFB820EE4C5 /* fileenc.c */ = {isa = PBXFileReference; explicitFileType = undefined; fileEncoding = 9; includeInIndex = 0; lastKnownFileType = unknown; name = fileenc.c; path = "cordova-plugin-zip/Plugins/aes/fileenc.c"; sourceTree = "<group>"; };
		E4C91F36662341E7B544961D /* CDVNotification.h */ = {isa = PBXFileReference; explicitFileType = undefined; fileEncoding = 4; includeInIndex = 0; lastKnownFileType = sourcecode.c.h; name = CDVNotification.h; path = "cordova-plugin-dialogs/CDVNotification.h"; sourceTree = "<group>"; };
		E6A1D165D5A44444B58EBDB8 /* CDVNotification.bundle */ = {isa = PBXFileReference; explicitFileType = undefined; fileEncoding = 9; includeInIndex = 0; lastKnownFileType = "wrapper.plug-in"; path = CDVNotification.bundle; sourceTree = "<group>"; };
		EA22386EEBA7454DA75B6F24 /* CodePushReportingManager.m */ = {isa = PBXFileReference; explicitFileType = undefined; fileEncoding = 4; includeInIndex = 0; lastKnownFileType = sourcecode.c.objc; name = CodePushReportingManager.m; path = "cordova-plugin-code-push/CodePushReportingManager.m"; sourceTree = "<group>"; };
		EB5B135C7150498789EC0645 /* unzip.h */ = {isa = PBXFileReference; explicitFileType = undefined; fileEncoding = 4; includeInIndex = 0; lastKnownFileType = sourcecode.c.h; name = unzip.h; path = "cordova-plugin-zip/Plugins/minizip/unzip.h"; sourceTree = "<group>"; };
		EB87FDF31871DA8E0020F90C /* www */ = {isa = PBXFileReference; lastKnownFileType = folder; name = www; path = ../../www; sourceTree = "<group>"; };
		EB87FDF41871DAF40020F90C /* config.xml */ = {isa = PBXFileReference; lastKnownFileType = text.xml; name = config.xml; path = ../../config.xml; sourceTree = "<group>"; };
		ED33DF2A687741AEAF9F8254 /* Bridging-Header.h */ = {isa = PBXFileReference; fileEncoding = 4; lastKnownFileType = sourcecode.c.h; path = "Bridging-Header.h"; sourceTree = "<group>"; };
		EE2EEFEDF68A4C5A88FDA82F /* CDVWKWebViewEngine+CodePush.m */ = {isa = PBXFileReference; explicitFileType = undefined; fileEncoding = 4; includeInIndex = 0; lastKnownFileType = sourcecode.c.objc; name = "CDVWKWebViewEngine+CodePush.m"; path = "cordova-plugin-code-push/CDVWKWebViewEngine+CodePush.m"; sourceTree = "<group>"; };
		EFCC4A56DC6B43F4B213B8A0 /* CDVAssetLibraryFilesystem.m */ = {isa = PBXFileReference; explicitFileType = undefined; fileEncoding = 4; includeInIndex = 0; lastKnownFileType = sourcecode.c.objc; name = CDVAssetLibraryFilesystem.m; path = "cordova-plugin-file/CDVAssetLibraryFilesystem.m"; sourceTree = "<group>"; };
		F0CBB911BF234437B41F03E7 /* CodePush.h */ = {isa = PBXFileReference; explicitFileType = undefined; fileEncoding = 4; includeInIndex = 0; lastKnownFileType = sourcecode.c.h; name = CodePush.h; path = "cordova-plugin-code-push/CodePush.h"; sourceTree = "<group>"; };
		F4D1C96423B74328B1CC8356 /* mztools.h */ = {isa = PBXFileReference; explicitFileType = undefined; fileEncoding = 4; includeInIndex = 0; lastKnownFileType = sourcecode.c.h; name = mztools.h; path = "cordova-plugin-zip/Plugins/minizip/mztools.h"; sourceTree = "<group>"; };
		F840E1F0165FE0F500CFE078 /* config.xml */ = {isa = PBXFileReference; lastKnownFileType = text.xml; name = config.xml; path = stampRally/config.xml; sourceTree = "<group>"; };
		FEC083A5F3E0476C9321B62A /* StatusReport.m */ = {isa = PBXFileReference; explicitFileType = undefined; fileEncoding = 4; includeInIndex = 0; lastKnownFileType = sourcecode.c.objc; name = StatusReport.m; path = "cordova-plugin-code-push/StatusReport.m"; sourceTree = "<group>"; };
/* End PBXFileReference section */

/* Begin PBXFrameworksBuildPhase section */
		1D60588F0D05DD3D006BFB54 /* Frameworks */ = {
			isa = PBXFrameworksBuildPhase;
			buildActionMask = 2147483647;
			files = (
				301BF552109A68D80062928A /* libCordova.a in Frameworks */,
				8543A4686BEE4ED690400848 /* ImageIO.framework in Frameworks */,
				03B7FA4FC9F24613B3ACA2D1 /* CoreLocation.framework in Frameworks */,
				D9F275DE212742D69B83043D /* AVFoundation.framework in Frameworks */,
				36B926FF2CA744D29D7F5D46 /* AudioToolbox.framework in Frameworks */,
				A1A339A213E34A9D8E12FCB3 /* libz.tbd in Frameworks */,
				FEFD787307B343C789CB27F5 /* libiconv.dylib in Frameworks */,
				24559EC307BE43FFBC8D37C4 /* CoreVideo.framework in Frameworks */,
				FB08C1D9A81442E2BCBF8A45 /* QuartzCore.framework in Frameworks */,
				7D092C09D9F8472EA373C28C /* CoreImage.framework in Frameworks */,
				C6E16C5FC5AB4BD6B5AD1E8A /* libz.dylib in Frameworks */,
			);
			runOnlyForDeploymentPostprocessing = 0;
		};
/* End PBXFrameworksBuildPhase section */

/* Begin PBXGroup section */
		080E96DDFE201D6D7F000001 /* Classes */ = {
			isa = PBXGroup;
			children = (
				302D95EE14D2391D003F00A1 /* MainViewController.h */,
				302D95EF14D2391D003F00A1 /* MainViewController.m */,
				302D95F014D2391D003F00A1 /* MainViewController.xib */,
				1D3623240D0F684500981E51 /* AppDelegate.h */,
				1D3623250D0F684500981E51 /* AppDelegate.m */,
			);
			name = Classes;
			path = stampRally/Classes;
			sourceTree = SOURCE_ROOT;
		};
		19C28FACFE9D520D11CA2CBB /* Products */ = {
			isa = PBXGroup;
			children = (
				1D6058910D05DD3D006BFB54 /* stampRally.app */,
			);
			name = Products;
			sourceTree = "<group>";
		};
		29B97314FDCFA39411CA2CEA /* CustomTemplate */ = {
			isa = PBXGroup;
			children = (
				EB87FDF41871DAF40020F90C /* config.xml */,
				EB87FDF31871DA8E0020F90C /* www */,
				EB87FDF11871DA420020F90C /* Staging */,
				301BF52D109A57CC0062928A /* CordovaLib/CordovaLib.xcodeproj */,
				080E96DDFE201D6D7F000001 /* Classes */,
				307C750510C5A3420062BCA9 /* Plugins */,
				29B97315FDCFA39411CA2CEA /* Other Sources */,
				29B97317FDCFA39411CA2CEA /* Resources */,
				29B97323FDCFA39411CA2CEA /* Frameworks */,
				19C28FACFE9D520D11CA2CBB /* Products */,
			);
			name = CustomTemplate;
			sourceTree = "<group>";
		};
		29B97315FDCFA39411CA2CEA /* Other Sources */ = {
			isa = PBXGroup;
			children = (
				32CA4F630368D1EE00C91783 /* stampRally-Prefix.pch */,
				29B97316FDCFA39411CA2CEA /* main.m */,
				ED33DF2A687741AEAF9F8254 /* Bridging-Header.h */,
			);
			name = "Other Sources";
			path = stampRally;
			sourceTree = "<group>";
		};
		29B97317FDCFA39411CA2CEA /* Resources */ = {
			isa = PBXGroup;
			children = (
				0207DA571B56EA530066E2B4 /* Images.xcassets */,
				3047A50E1AB8057F00498E2A /* config */,
				8D1107310486CEB800E47090 /* stampRally-Info.plist */,
				6AFF5BF81D6E424B00AB3073 /* CDVLaunchScreen.storyboard */,
				E6A1D165D5A44444B58EBDB8 /* CDVNotification.bundle */,
				94484F0A33F2460DAFD31355 /* scannerOverlay.xib */,
				0DB468CB73D74724BCB5A500 /* CDVBarcodeScanner.bundle */,
			);
			name = Resources;
			path = stampRally/Resources;
			sourceTree = "<group>";
		};
		29B97323FDCFA39411CA2CEA /* Frameworks */ = {
			isa = PBXGroup;
			children = (
				D1123F1136D2493DA3AE8B1C /* ImageIO.framework */,
				CD348CA2399043E1B0FF82CA /* CoreLocation.framework */,
				9E9723F61E654808B474D5AB /* AVFoundation.framework */,
				8E804FF7C59848BEB18C9639 /* AudioToolbox.framework */,
				0EA8C94A86B04E81825ACF08 /* libz.tbd */,
				A70B55E4CFF149E5904AA624 /* libiconv.dylib */,
				1A4E1D236B414A0A8EC0B1F1 /* CoreVideo.framework */,
				A9149513249E4F93B4F9026C /* QuartzCore.framework */,
				BEF7C875C8754847B69143EE /* CoreImage.framework */,
				147F1DE3CA3E436E8164ABEC /* libz.dylib */,
			);
			name = Frameworks;
			sourceTree = "<group>";
		};
		301BF52E109A57CC0062928A /* Products */ = {
			isa = PBXGroup;
			children = (
				301BF535109A57CC0062928A /* libCordova.a */,
				3DF7C9BF1FA721DD00B20348 /* Cordova.framework */,
			);
			name = Products;
			sourceTree = "<group>";
		};
		3047A50E1AB8057F00498E2A /* config */ = {
			isa = PBXGroup;
			children = (
				3047A50F1AB8059700498E2A /* build-debug.xcconfig */,
				3047A5101AB8059700498E2A /* build-release.xcconfig */,
				3047A5111AB8059700498E2A /* build.xcconfig */,
			);
			name = config;
			sourceTree = "<group>";
		};
		307C750510C5A3420062BCA9 /* Plugins */ = {
			isa = PBXGroup;
			children = (
				3D264F7606A44AA6A5CC19A2 /* UIImage+CropScaleOrientation.m */,
				2E347B421CE4444DB5992C44 /* CDVCamera.m */,
				9A5C74665C9E475F8BB87543 /* CDVJpegHeaderWriter.m */,
				3EE2485AE22F44C9A333F0C0 /* UIImage+CropScaleOrientation.h */,
				9710048008B04B589290015E /* CDVCamera.h */,
				A4A352F5F07F49C2AF8A1A10 /* CDVJpegHeaderWriter.h */,
				9F1823D7AAB44B1DA2E36C4E /* CDVExif.h */,
				215DB3F4B1F74FF59436B6C0 /* CDVNotification.m */,
				E4C91F36662341E7B544961D /* CDVNotification.h */,
				BA7D2AC660624ED09A1460D0 /* CDVDevice.m */,
				C5A374B73A754FB8B56AA0D3 /* CDVDevice.h */,
				362EF772155E4CDB8BD092F1 /* CDVBarcodeScanner.mm */,
				6976C93F76104A449E9E8ECD /* zxing-all-in-one.cpp */,
				BB965611DEF04EBAAF663690 /* zxing-all-in-one.h */,
				2E8C4208F4DF4434B438D0DC /* CDVLocation.m */,
				17509A9BB0B642CBBE2C308E /* CDVLocation.h */,
				CD6BABCB5FB142CAA594E714 /* CDVFile.m */,
				6EE562078C5A4B58A22A9D73 /* CDVLocalFilesystem.m */,
				EFCC4A56DC6B43F4B213B8A0 /* CDVAssetLibraryFilesystem.m */,
				E2820FBE18074BC994E73350 /* CDVFile.h */,
				14A56053FFF249F7B1242876 /* CDVLocalFilesystem.h */,
				845B92CDFA554A3597CCC728 /* CDVAssetLibraryFilesystem.h */,
				6C0A0CFF727341BC948D7E2C /* CDVFileTransfer.m */,
				595C16F01C50456089310F3C /* CDVFileTransfer.h */,
				39CA5F1ED6D848A0BE28812B /* ZipPlugin.m */,
				5AE8FEE6939C48829B0056A0 /* aescrypt.c */,
				4F5E89524F324EC381ED97CE /* aeskey.c */,
				BE9F076087664F14B7B44D67 /* aestab.c */,
				6E82EFA7D3924A70A2FEAA9F /* entropy.c */,
				E3B4D32666514EFB820EE4C5 /* fileenc.c */,
				AB6AB0E4D6904E149E4C24C2 /* hmac.c */,
				B2878B8492BC49C78FAADD81 /* prng.c */,
				100B2B4C080243509B16E870 /* pwd2key.c */,
				216B2069F14A4250B4961595 /* sha1.c */,
				88ED4DE7D4164BF8BBC5CB79 /* SSZipArchive.m */,
				4F4EF1C7A4244E4F8B87A5EE /* zip.c */,
				46113442535A4DC7A12F14C0 /* unzip.c */,
				A79F1B25604C4C5C8ADD6E5B /* mztools.c */,
				05328BC2C7BD42E4BF33807D /* ioapi.c */,
				6C6465B9466C4097917E46AE /* ZipPlugin.h */,
				3A1A722A23ED4D60B68CE1E4 /* Common.h */,
				7EBECD450DA44D84AA2775E0 /* aes.h */,
				BF13963B262A42F88E205695 /* aes_via_ace.h */,
				367E43E65244495A927EA280 /* aesopt.h */,
				1E5C3BE9068741FB84677D10 /* aestab.h */,
				CCBE24CC0FA249428FA0CD65 /* brg_endian.h */,
				22B1D8598D8649C7B0BB9D8D /* brg_types.h */,
				E2E2A28EE9A444B7AECF6A5D /* entropy.h */,
				3AEEF76E46BC45078863DA11 /* fileenc.h */,
				77C82CB7009D4AB4AB0739F6 /* hmac.h */,
				C504C7D2348F4CF39C81A7FB /* prng.h */,
				0E759C2B9C524F12AC26CE6F /* pwd2key.h */,
				9A615CD8D8B346EC9E2A5051 /* sha1.h */,
				93450249631648E5BC56E621 /* SSZipArchive.h */,
				A285B47EFB1047B9A6EA597B /* zip.h */,
				EB5B135C7150498789EC0645 /* unzip.h */,
				F4D1C96423B74328B1CC8356 /* mztools.h */,
				C14BFAA0224648279E0E0E4D /* ioapi.h */,
				9F29E405439640438EB331A0 /* crypt.h */,
				EE2EEFEDF68A4C5A88FDA82F /* CDVWKWebViewEngine+CodePush.m */,
				27CB336CAFE048408EDC7EC7 /* CodePush.m */,
				591A42B0BFC34663A2D53BA7 /* CodePushPackageMetadata.m */,
				ABA11523A750470F947C2B64 /* CodePushPackageManager.m */,
				EA22386EEBA7454DA75B6F24 /* CodePushReportingManager.m */,
				8E956F0DBC7B4B7DAE88C9EB /* InstallOptions.m */,
				FEC083A5F3E0476C9321B62A /* StatusReport.m */,
				98F5D4FE38DF442E994409A8 /* UpdateHashUtils.m */,
				A87D5793B5A645D39FF8722C /* Utilities.m */,
				F0CBB911BF234437B41F03E7 /* CodePush.h */,
				059721E643854AB294AA5EBC /* CodePushPackageMetadata.h */,
				C1BD54DDD23D4874B7DD286B /* CodePushPackageManager.h */,
				832B8E01106B4DD885E0B41D /* CodePushReportingManager.h */,
				53F7A313D4DC460BAB9048FD /* InstallOptions.h */,
				3377A6DEC3FB47469A0350D1 /* InstallMode.h */,
				98616BD610524B4AA4DD75F4 /* StatusReport.h */,
				8D05B35E93F74CB5A6B0B543 /* UpdateHashUtils.h */,
				8732314840F745C9ACCD4694 /* Utilities.h */,
				03AE555D400646F8B2E40254 /* CDVInAppBrowser.m */,
				1B598EA5F5024266AE30DDD7 /* CDVInAppBrowser.h */,
			);
			name = Plugins;
			path = stampRally/Plugins;
			sourceTree = SOURCE_ROOT;
		};
		EB87FDF11871DA420020F90C /* Staging */ = {
			isa = PBXGroup;
			children = (
				F840E1F0165FE0F500CFE078 /* config.xml */,
				301BF56E109A69640062928A /* www */,
			);
			name = Staging;
			sourceTree = "<group>";
		};
/* End PBXGroup section */

/* Begin PBXNativeTarget section */
		1D6058900D05DD3D006BFB54 /* stampRally */ = {
			isa = PBXNativeTarget;
			buildConfigurationList = 1D6058960D05DD3E006BFB54 /* Build configuration list for PBXNativeTarget "stampRally" */;
			buildPhases = (
				304B58A110DAC018002A0835 /* Copy www directory */,
				1D60588D0D05DD3D006BFB54 /* Resources */,
				1D60588E0D05DD3D006BFB54 /* Sources */,
				1D60588F0D05DD3D006BFB54 /* Frameworks */,
			);
			buildRules = (
			);
			dependencies = (
				301BF551109A68C00062928A /* PBXTargetDependency */,
			);
			name = stampRally;
			productName = stampRally;
			productReference = 1D6058910D05DD3D006BFB54 /* stampRally.app */;
			productType = "com.apple.product-type.application";
		};
/* End PBXNativeTarget section */

/* Begin PBXProject section */
		29B97313FDCFA39411CA2CEA /* Project object */ = {
			isa = PBXProject;
			attributes = {
				LastUpgradeCheck = 510;
				TargetAttributes = {
					1D6058900D05DD3D006BFB54 = {
						DevelopmentTeam = EE5J7BDC2R;
					};
				};
			};
			buildConfigurationList = C01FCF4E08A954540054247B /* Build configuration list for PBXProject "stampRally" */;
			compatibilityVersion = "Xcode 3.2";
			developmentRegion = English;
			hasScannedForEncodings = 1;
			knownRegions = (
				en,
			);
			mainGroup = 29B97314FDCFA39411CA2CEA /* CustomTemplate */;
			projectDirPath = "";
			projectReferences = (
				{
					ProductGroup = 301BF52E109A57CC0062928A /* Products */;
					ProjectRef = 301BF52D109A57CC0062928A /* CordovaLib/CordovaLib.xcodeproj */;
				},
			);
			projectRoot = "";
			targets = (
				1D6058900D05DD3D006BFB54 /* stampRally */,
			);
		};
/* End PBXProject section */

/* Begin PBXReferenceProxy section */
		301BF535109A57CC0062928A /* libCordova.a */ = {
			isa = PBXReferenceProxy;
			fileType = archive.ar;
			path = libCordova.a;
			remoteRef = 301BF534109A57CC0062928A /* PBXContainerItemProxy */;
			sourceTree = BUILT_PRODUCTS_DIR;
		};
		3DF7C9BF1FA721DD00B20348 /* Cordova.framework */ = {
			isa = PBXReferenceProxy;
			fileType = wrapper.framework;
			path = Cordova.framework;
			remoteRef = 3DF7C9BE1FA721DD00B20348 /* PBXContainerItemProxy */;
			sourceTree = BUILT_PRODUCTS_DIR;
		};
/* End PBXReferenceProxy section */

/* Begin PBXResourcesBuildPhase section */
		1D60588D0D05DD3D006BFB54 /* Resources */ = {
			isa = PBXResourcesBuildPhase;
			buildActionMask = 2147483647;
			files = (
				302D95F214D2391D003F00A1 /* MainViewController.xib in Resources */,
				0207DA581B56EA530066E2B4 /* Images.xcassets in Resources */,
				6AFF5BF91D6E424B00AB3073 /* CDVLaunchScreen.storyboard in Resources */,
				B36841B9D42E4EF0A7C85CB1 /* CDVNotification.bundle in Resources */,
				BDAD4215BC27414EA6E809F0 /* scannerOverlay.xib in Resources */,
				8BC8C2ED70ED46838340289C /* CDVBarcodeScanner.bundle in Resources */,
			);
			runOnlyForDeploymentPostprocessing = 0;
		};
/* End PBXResourcesBuildPhase section */

/* Begin PBXShellScriptBuildPhase section */
		304B58A110DAC018002A0835 /* Copy www directory */ = {
			isa = PBXShellScriptBuildPhase;
			buildActionMask = 2147483647;
			files = (
			);
			inputPaths = (
			);
			name = "Copy www directory";
			outputPaths = (
			);
			runOnlyForDeploymentPostprocessing = 0;
			shellPath = /bin/sh;
			shellScript = "NODEJS_PATH=/usr/local/bin; NVM_NODE_PATH=~/.nvm/versions/node/`nvm version 2>/dev/null`/bin; N_NODE_PATH=`find /usr/local/n/versions/node/* -maxdepth 0 -type d 2>/dev/null | tail -1`/bin; XCODE_NODE_PATH=`xcode-select --print-path`/usr/share/xcs/Node/bin; PATH=$NODEJS_PATH:$NVM_NODE_PATH:$N_NODE_PATH:$XCODE_NODE_PATH:$PATH && node cordova/lib/copy-www-build-step.js";
			showEnvVarsInLog = 0;
		};
/* End PBXShellScriptBuildPhase section */

/* Begin PBXSourcesBuildPhase section */
		1D60588E0D05DD3D006BFB54 /* Sources */ = {
			isa = PBXSourcesBuildPhase;
			buildActionMask = 2147483647;
			files = (
				1D60589B0D05DD56006BFB54 /* main.m in Sources */,
				1D3623260D0F684500981E51 /* AppDelegate.m in Sources */,
				302D95F114D2391D003F00A1 /* MainViewController.m in Sources */,
				0181A1F5D50B411984F1D723 /* UIImage+CropScaleOrientation.m in Sources */,
				DD5283F762074C4B902365C0 /* CDVCamera.m in Sources */,
				EC47BC7E29AD4428BAB3F012 /* CDVJpegHeaderWriter.m in Sources */,
				8390B5AC45434ABB9794B515 /* CDVNotification.m in Sources */,
				C1BD7ABBF0784163B9B25695 /* CDVDevice.m in Sources */,
				F9939F19470C453C9CBF3DF1 /* CDVBarcodeScanner.mm in Sources */,
				E8C1DB985CA9474098826384 /* zxing-all-in-one.cpp in Sources */,
				1734B6BE039A43B5A27BAE92 /* CDVLocation.m in Sources */,
				84164EC065214D47A22056D3 /* CDVFile.m in Sources */,
				B56BC58E0128401B875CBB81 /* CDVLocalFilesystem.m in Sources */,
				D8BE8245B50D43BFB4640AEB /* CDVAssetLibraryFilesystem.m in Sources */,
				693AC078B2C74DAAABCDF37B /* CDVFileTransfer.m in Sources */,
				A9B939EBAFD44D12A20ED2B7 /* ZipPlugin.m in Sources */,
				58A840919D8F4CC9BD10664A /* aescrypt.c in Sources */,
				B0AD4532A86D41278D713DCD /* aeskey.c in Sources */,
				089F6AEF974945168BFFFED1 /* aestab.c in Sources */,
				D473C600C1F94AC7B41E358D /* entropy.c in Sources */,
				03CFE9420E0A4A3285D616D6 /* fileenc.c in Sources */,
				33F1C074FDD346B3BDB97043 /* hmac.c in Sources */,
				83F61599110248589879DB9C /* prng.c in Sources */,
				C824C94F97CB4C729888E33D /* pwd2key.c in Sources */,
				DB7CF124E744440BA25A0573 /* sha1.c in Sources */,
				21F57908D5AE46C78560A8FA /* SSZipArchive.m in Sources */,
				25C9164BEEBE4720A1BE505A /* zip.c in Sources */,
				C9B9EB74771F448E919BBA0F /* unzip.c in Sources */,
				FC1CE3054BB7478EA5A00F7B /* mztools.c in Sources */,
				CBFADB06F16440B7B30BE19C /* ioapi.c in Sources */,
				CCB7537BA5ED4CD0BEAA4BEC /* CDVWKWebViewEngine+CodePush.m in Sources */,
				CDA7769671D64F4E91BA2321 /* CodePush.m in Sources */,
				64232AF366F34C68A7F07C1E /* CodePushPackageMetadata.m in Sources */,
				167321F4904C4EFE8A608BC4 /* CodePushPackageManager.m in Sources */,
				CB08740A807E4003BE5CD07E /* CodePushReportingManager.m in Sources */,
				D1DE9722F5094C5787115B53 /* InstallOptions.m in Sources */,
				71EDAF8B7FCE4847B29B862D /* StatusReport.m in Sources */,
				B1774B72871D42C7BC7E290C /* UpdateHashUtils.m in Sources */,
				99CA50FDF92E44EE9AFED04C /* Utilities.m in Sources */,
				9D4873A00B134DFE85809C0F /* CDVInAppBrowser.m in Sources */,
			);
			runOnlyForDeploymentPostprocessing = 0;
		};
/* End PBXSourcesBuildPhase section */

/* Begin PBXTargetDependency section */
		301BF551109A68C00062928A /* PBXTargetDependency */ = {
			isa = PBXTargetDependency;
			name = CordovaLib;
			targetProxy = 301BF550109A68C00062928A /* PBXContainerItemProxy */;
		};
/* End PBXTargetDependency section */

/* Begin XCBuildConfiguration section */
		1D6058940D05DD3E006BFB54 /* Debug */ = {
			isa = XCBuildConfiguration;
			baseConfigurationReference = 3047A50F1AB8059700498E2A /* build-debug.xcconfig */;
			buildSettings = {
				ALWAYS_SEARCH_USER_PATHS = NO;
				ASSETCATALOG_COMPILER_APPICON_NAME = AppIcon;
				ASSETCATALOG_COMPILER_LAUNCHIMAGE_NAME = LaunchImage;
				CLANG_ENABLE_MODULES = YES;
				CLANG_ENABLE_OBJC_ARC = YES;
				COPY_PHASE_STRIP = NO;
				DEVELOPMENT_TEAM = EE5J7BDC2R;
				GCC_DYNAMIC_NO_PIC = NO;
				GCC_OPTIMIZATION_LEVEL = 0;
				GCC_PRECOMPILE_PREFIX_HEADER = YES;
				GCC_PREFIX_HEADER = "stampRally/stampRally-Prefix.pch";
				GCC_THUMB_SUPPORT = NO;
				GCC_VERSION = "";
				INFOPLIST_FILE = "stampRally/stampRally-Info.plist";
				IPHONEOS_DEPLOYMENT_TARGET = 9.3;
				LD_RUNPATH_SEARCH_PATHS = "@executable_path/Frameworks";
				PRODUCT_NAME = stampRally;
				TARGETED_DEVICE_FAMILY = "1,2";
			};
			name = Debug;
		};
		1D6058950D05DD3E006BFB54 /* Release */ = {
			isa = XCBuildConfiguration;
			baseConfigurationReference = 3047A5101AB8059700498E2A /* build-release.xcconfig */;
			buildSettings = {
				ALWAYS_SEARCH_USER_PATHS = NO;
				ASSETCATALOG_COMPILER_APPICON_NAME = AppIcon;
				ASSETCATALOG_COMPILER_LAUNCHIMAGE_NAME = LaunchImage;
				CLANG_ENABLE_MODULES = YES;
				CLANG_ENABLE_OBJC_ARC = YES;
				COPY_PHASE_STRIP = YES;
				DEVELOPMENT_TEAM = EE5J7BDC2R;
				GCC_PRECOMPILE_PREFIX_HEADER = YES;
				GCC_PREFIX_HEADER = "stampRally/stampRally-Prefix.pch";
				GCC_THUMB_SUPPORT = NO;
				GCC_VERSION = "";
				INFOPLIST_FILE = "stampRally/stampRally-Info.plist";
				IPHONEOS_DEPLOYMENT_TARGET = 9.3;
				LD_RUNPATH_SEARCH_PATHS = "@executable_path/Frameworks";
				PRODUCT_NAME = stampRally;
				TARGETED_DEVICE_FAMILY = "1,2";
			};
			name = Release;
		};
		C01FCF4F08A954540054247B /* Debug */ = {
			isa = XCBuildConfiguration;
			baseConfigurationReference = 3047A5111AB8059700498E2A /* build.xcconfig */;
			buildSettings = {
				CLANG_ENABLE_MODULES = YES;
				CLANG_ENABLE_OBJC_ARC = YES;
				CLANG_WARN_BOOL_CONVERSION = YES;
				CLANG_WARN_CONSTANT_CONVERSION = YES;
				CLANG_WARN_EMPTY_BODY = YES;
				CLANG_WARN_ENUM_CONVERSION = YES;
				CLANG_WARN_INT_CONVERSION = YES;
				CLANG_WARN__DUPLICATE_METHOD_MATCH = YES;
				GCC_C_LANGUAGE_STANDARD = c99;
				GCC_THUMB_SUPPORT = NO;
				GCC_VERSION = "";
				GCC_WARN_ABOUT_RETURN_TYPE = YES;
				GCC_WARN_UNDECLARED_SELECTOR = YES;
				GCC_WARN_UNINITIALIZED_AUTOS = YES;
				GCC_WARN_UNUSED_FUNCTION = YES;
				GCC_WARN_UNUSED_VARIABLE = YES;
				ONLY_ACTIVE_ARCH = YES;
				SDKROOT = iphoneos;
				SKIP_INSTALL = NO;
			};
			name = Debug;
		};
		C01FCF5008A954540054247B /* Release */ = {
			isa = XCBuildConfiguration;
			baseConfigurationReference = 3047A5111AB8059700498E2A /* build.xcconfig */;
			buildSettings = {
				CLANG_ENABLE_MODULES = YES;
				CLANG_ENABLE_OBJC_ARC = YES;
				CLANG_WARN_BOOL_CONVERSION = YES;
				CLANG_WARN_CONSTANT_CONVERSION = YES;
				CLANG_WARN_EMPTY_BODY = YES;
				CLANG_WARN_ENUM_CONVERSION = YES;
				CLANG_WARN_INT_CONVERSION = YES;
				CLANG_WARN__DUPLICATE_METHOD_MATCH = YES;
				GCC_C_LANGUAGE_STANDARD = c99;
				GCC_THUMB_SUPPORT = NO;
				GCC_VERSION = "";
				GCC_WARN_ABOUT_RETURN_TYPE = YES;
				GCC_WARN_UNDECLARED_SELECTOR = YES;
				GCC_WARN_UNINITIALIZED_AUTOS = YES;
				GCC_WARN_UNUSED_FUNCTION = YES;
				GCC_WARN_UNUSED_VARIABLE = YES;
				SDKROOT = iphoneos;
				SKIP_INSTALL = NO;
			};
			name = Release;
		};
/* End XCBuildConfiguration section */

/* Begin XCConfigurationList section */
		1D6058960D05DD3E006BFB54 /* Build configuration list for PBXNativeTarget "stampRally" */ = {
			isa = XCConfigurationList;
			buildConfigurations = (
				1D6058940D05DD3E006BFB54 /* Debug */,
				1D6058950D05DD3E006BFB54 /* Release */,
			);
			defaultConfigurationIsVisible = 0;
			defaultConfigurationName = Release;
		};
		C01FCF4E08A954540054247B /* Build configuration list for PBXProject "stampRally" */ = {
			isa = XCConfigurationList;
			buildConfigurations = (
				C01FCF4F08A954540054247B /* Debug */,
				C01FCF5008A954540054247B /* Release */,
			);
			defaultConfigurationIsVisible = 0;
			defaultConfigurationName = Release;
		};
/* End XCConfigurationList section */
	};
	rootObject = 29B97313FDCFA39411CA2CEA /* Project object */;
}
